# This file was autogenerated by uv via the following command:
#    uv pip compile pyproject.toml -o requirements.lock
arabic-reshaper==3.0.0
    # via imagetype (pyproject.toml)
certifi==2025.8.3
    # via requests
charset-normalizer==3.4.3
    # via requests
idna==3.10
    # via requests
packaging==25.0
    # via qtpy
pillow==11.3.0
    # via imagetype (pyproject.toml)
pyside6==6.9.1
    # via imagetype (pyproject.toml)
pyside6-addons==6.9.1
    # via pyside6
pyside6-essentials==6.9.1
    # via
    #   pyside6
    #   pyside6-addons
python-bidi==0.6.6
    # via imagetype (pyproject.toml)
qtawesome==1.4.0
    # via imagetype (pyproject.toml)
qtpy==2.4.3
    # via qtawesome
requests==2.32.4
    # via imagetype (pyproject.toml)
shiboken6==6.9.1
    # via
    #   pyside6
    #   pyside6-addons
    #   pyside6-essentials
urllib3==2.5.0
    # via requests
